
Microsoft Visual Studio Solution File, Format Version 12.00
# Visual Studio 14
VisualStudioVersion = 14.0.25420.1
MinimumVisualStudioVersion = 10.0.40219.1
Project("{FAE04EC0-301F-11D3-BF4B-00C04F79EFBC}") = "Main.UWP", "Main\Main.UWP.csproj", "{591F71AF-3E27-4DE4-8D88-BA349FCAF26D}"
EndProject
Project("{FAE04EC0-301F-11D3-BF4B-00C04F79EFBC}") = "SIotGatewayCore.UWP", "SIotGatewayCore\SIotGatewayCore.UWP.csproj", "{DE89CF5D-EEF2-4728-8AA5-F485D04A9C7A}"
EndProject
Project("{FAE04EC0-301F-11D3-BF4B-00C04F79EFBC}") = "Common.UWP", "Common\Common.UWP.csproj", "{7DFCCB60-F0AA-4178-905B-F9008AA7D1E3}"
EndProject
Project("{2150E333-8FDC-42A3-9474-1A3956D46DE8}") = "Solution Items", "Solution Items", "{0BEDDA7C-ED29-44CE-A6F3-4299EE17AD27}"
	ProjectSection(SolutionItems) = preProject
		local.config.user = local.config.user
	EndProjectSection
EndProject
Project("{FAE04EC0-301F-11D3-BF4B-00C04F79EFBC}") = "Cooler.UWP", "Cooler\Cooler.UWP.csproj", "{2C561DC8-6D78-4E01-927F-81AA4C8F3134}"
EndProject
Project("{FAE04EC0-301F-11D3-BF4B-00C04F79EFBC}") = "SiRSensors.UWP", "SiRSensors\SiRSensors.UWP.csproj", "{0BC00C57-0564-416C-9CFB-FBB8899BABE4}"
EndProject
Project("{FAE04EC0-301F-11D3-BF4B-00C04F79EFBC}") = "SIoTBroker.UWP", "SIoTBrorker\SIoTBroker.UWP.csproj", "{F797F431-96A6-4A5A-9063-8DFE08FFE442}"
EndProject
Project("{FAE04EC0-301F-11D3-BF4B-00C04F79EFBC}") = "Infrastructure.UWP", "Infrastructure\Infrastructure.UWP.csproj", "{8E372B79-7CED-4EF3-9BF2-2E67F9B69C43}"
EndProject
Project("{2150E333-8FDC-42A3-9474-1A3956D46DE8}") = "Sensors", "Sensors", "{4A3661DA-3374-40E9-BA86-5EE99DC09B88}"
EndProject
Project("{FAE04EC0-301F-11D3-BF4B-00C04F79EFBC}") = "Common.Classic", "Common.Classic\Common.Classic.csproj", "{28EF3DB9-B9D2-4EE8-A8F6-AFE563583B48}"
EndProject
Project("{FAE04EC0-301F-11D3-BF4B-00C04F79EFBC}") = "Infrastructure.Classic", "Infrastructure.Classic\Infrastructure.Classic.csproj", "{90A6862A-902A-4145-BF6A-A5B5BCE5F706}"
EndProject
Project("{FAE04EC0-301F-11D3-BF4B-00C04F79EFBC}") = "Acceleration.UWP", "Sensors\Acceleration\Acceleration.UWP.csproj", "{248F2F66-1732-4885-B917-01C5C0511336}"
EndProject
Project("{FAE04EC0-301F-11D3-BF4B-00C04F79EFBC}") = "SensorsBase.UWP", "Sensors\SensorsBase\SensorsBase.UWP.csproj", "{8C1CF29B-2DCA-4023-9ABD-8B04C99B4C3E}"
EndProject
Project("{FAE04EC0-301F-11D3-BF4B-00C04F79EFBC}") = "SIoTGatewayCore.Classic", "SIoTGatewayCore.Classic\SIoTGatewayCore.Classic.csproj", "{8DC2BA6A-141D-43DF-9EA4-8E6A7470C201}"
EndProject
Project("{FAE04EC0-301F-11D3-BF4B-00C04F79EFBC}") = "Acceleration.Classic", "Sensors\Acceleration.Classic\Acceleration.Classic.csproj", "{10B765CD-DCE8-4342-9055-96B83403DE6E}"
EndProject
Project("{FAE04EC0-301F-11D3-BF4B-00C04F79EFBC}") = "SensorsBase.Classic", "Sensors\SensorsBase.Classic\SensorsBase.Classic.csproj", "{7AE6AAA2-522C-4203-BD05-12A51B0F0FA8}"
EndProject
Project("{FAE04EC0-301F-11D3-BF4B-00C04F79EFBC}") = "DeviceRegister", "DeviceRegister\DeviceRegister.csproj", "{ED9FA22C-7F5F-484F-B973-730B99488706}"
EndProject
Project("{FAE04EC0-301F-11D3-BF4B-00C04F79EFBC}") = "Microsoft.Azure.Devices.Uwp", "..\sdks\csharp\service\Microsoft.Azure.Devices.Uwp\Microsoft.Azure.Devices.Uwp.csproj", "{8C408658-3797-4F57-9F37-DE1C086A0685}"
EndProject
Global
	GlobalSection(SolutionConfigurationPlatforms) = preSolution
		Debug|Any CPU = Debug|Any CPU
		Debug|ARM = Debug|ARM
		Debug|x64 = Debug|x64
		Debug|x86 = Debug|x86
		Release_Delay_Sign|Any CPU = Release_Delay_Sign|Any CPU
		Release_Delay_Sign|ARM = Release_Delay_Sign|ARM
		Release_Delay_Sign|x64 = Release_Delay_Sign|x64
		Release_Delay_Sign|x86 = Release_Delay_Sign|x86
		Release|Any CPU = Release|Any CPU
		Release|ARM = Release|ARM
		Release|x64 = Release|x64
		Release|x86 = Release|x86
	EndGlobalSection
	GlobalSection(ProjectConfigurationPlatforms) = postSolution
		{591F71AF-3E27-4DE4-8D88-BA349FCAF26D}.Debug|Any CPU.ActiveCfg = Debug|x86
		{591F71AF-3E27-4DE4-8D88-BA349FCAF26D}.Debug|ARM.ActiveCfg = Debug|ARM
		{591F71AF-3E27-4DE4-8D88-BA349FCAF26D}.Debug|ARM.Build.0 = Debug|ARM
		{591F71AF-3E27-4DE4-8D88-BA349FCAF26D}.Debug|ARM.Deploy.0 = Debug|ARM
		{591F71AF-3E27-4DE4-8D88-BA349FCAF26D}.Debug|x64.ActiveCfg = Debug|x64
		{591F71AF-3E27-4DE4-8D88-BA349FCAF26D}.Debug|x64.Build.0 = Debug|x64
		{591F71AF-3E27-4DE4-8D88-BA349FCAF26D}.Debug|x64.Deploy.0 = Debug|x64
		{591F71AF-3E27-4DE4-8D88-BA349FCAF26D}.Debug|x86.ActiveCfg = Debug|x86
		{591F71AF-3E27-4DE4-8D88-BA349FCAF26D}.Debug|x86.Build.0 = Debug|x86
		{591F71AF-3E27-4DE4-8D88-BA349FCAF26D}.Debug|x86.Deploy.0 = Debug|x86
		{591F71AF-3E27-4DE4-8D88-BA349FCAF26D}.Release_Delay_Sign|Any CPU.ActiveCfg = Release|x64
		{591F71AF-3E27-4DE4-8D88-BA349FCAF26D}.Release_Delay_Sign|Any CPU.Build.0 = Release|x64
		{591F71AF-3E27-4DE4-8D88-BA349FCAF26D}.Release_Delay_Sign|Any CPU.Deploy.0 = Release|x64
		{591F71AF-3E27-4DE4-8D88-BA349FCAF26D}.Release_Delay_Sign|ARM.ActiveCfg = Release|ARM
		{591F71AF-3E27-4DE4-8D88-BA349FCAF26D}.Release_Delay_Sign|ARM.Build.0 = Release|ARM
		{591F71AF-3E27-4DE4-8D88-BA349FCAF26D}.Release_Delay_Sign|ARM.Deploy.0 = Release|ARM
		{591F71AF-3E27-4DE4-8D88-BA349FCAF26D}.Release_Delay_Sign|x64.ActiveCfg = Release|x64
		{591F71AF-3E27-4DE4-8D88-BA349FCAF26D}.Release_Delay_Sign|x64.Build.0 = Release|x64
		{591F71AF-3E27-4DE4-8D88-BA349FCAF26D}.Release_Delay_Sign|x64.Deploy.0 = Release|x64
		{591F71AF-3E27-4DE4-8D88-BA349FCAF26D}.Release_Delay_Sign|x86.ActiveCfg = Release|x86
		{591F71AF-3E27-4DE4-8D88-BA349FCAF26D}.Release_Delay_Sign|x86.Build.0 = Release|x86
		{591F71AF-3E27-4DE4-8D88-BA349FCAF26D}.Release_Delay_Sign|x86.Deploy.0 = Release|x86
		{591F71AF-3E27-4DE4-8D88-BA349FCAF26D}.Release|Any CPU.ActiveCfg = Release|x86
		{591F71AF-3E27-4DE4-8D88-BA349FCAF26D}.Release|ARM.ActiveCfg = Release|ARM
		{591F71AF-3E27-4DE4-8D88-BA349FCAF26D}.Release|ARM.Build.0 = Release|ARM
		{591F71AF-3E27-4DE4-8D88-BA349FCAF26D}.Release|ARM.Deploy.0 = Release|ARM
		{591F71AF-3E27-4DE4-8D88-BA349FCAF26D}.Release|x64.ActiveCfg = Release|x64
		{591F71AF-3E27-4DE4-8D88-BA349FCAF26D}.Release|x64.Build.0 = Release|x64
		{591F71AF-3E27-4DE4-8D88-BA349FCAF26D}.Release|x64.Deploy.0 = Release|x64
		{591F71AF-3E27-4DE4-8D88-BA349FCAF26D}.Release|x86.ActiveCfg = Release|x86
		{591F71AF-3E27-4DE4-8D88-BA349FCAF26D}.Release|x86.Build.0 = Release|x86
		{591F71AF-3E27-4DE4-8D88-BA349FCAF26D}.Release|x86.Deploy.0 = Release|x86
		{DE89CF5D-EEF2-4728-8AA5-F485D04A9C7A}.Debug|Any CPU.ActiveCfg = Debug|Any CPU
		{DE89CF5D-EEF2-4728-8AA5-F485D04A9C7A}.Debug|Any CPU.Build.0 = Debug|Any CPU
		{DE89CF5D-EEF2-4728-8AA5-F485D04A9C7A}.Debug|ARM.ActiveCfg = Debug|ARM
		{DE89CF5D-EEF2-4728-8AA5-F485D04A9C7A}.Debug|ARM.Build.0 = Debug|ARM
		{DE89CF5D-EEF2-4728-8AA5-F485D04A9C7A}.Debug|x64.ActiveCfg = Debug|x64
		{DE89CF5D-EEF2-4728-8AA5-F485D04A9C7A}.Debug|x64.Build.0 = Debug|x64
		{DE89CF5D-EEF2-4728-8AA5-F485D04A9C7A}.Debug|x86.ActiveCfg = Debug|x86
		{DE89CF5D-EEF2-4728-8AA5-F485D04A9C7A}.Debug|x86.Build.0 = Debug|x86
		{DE89CF5D-EEF2-4728-8AA5-F485D04A9C7A}.Release_Delay_Sign|Any CPU.ActiveCfg = Release|Any CPU
		{DE89CF5D-EEF2-4728-8AA5-F485D04A9C7A}.Release_Delay_Sign|Any CPU.Build.0 = Release|Any CPU
		{DE89CF5D-EEF2-4728-8AA5-F485D04A9C7A}.Release_Delay_Sign|ARM.ActiveCfg = Release|ARM
		{DE89CF5D-EEF2-4728-8AA5-F485D04A9C7A}.Release_Delay_Sign|ARM.Build.0 = Release|ARM
		{DE89CF5D-EEF2-4728-8AA5-F485D04A9C7A}.Release_Delay_Sign|x64.ActiveCfg = Release|x64
		{DE89CF5D-EEF2-4728-8AA5-F485D04A9C7A}.Release_Delay_Sign|x64.Build.0 = Release|x64
		{DE89CF5D-EEF2-4728-8AA5-F485D04A9C7A}.Release_Delay_Sign|x86.ActiveCfg = Release|x86
		{DE89CF5D-EEF2-4728-8AA5-F485D04A9C7A}.Release_Delay_Sign|x86.Build.0 = Release|x86
		{DE89CF5D-EEF2-4728-8AA5-F485D04A9C7A}.Release|Any CPU.ActiveCfg = Release|Any CPU
		{DE89CF5D-EEF2-4728-8AA5-F485D04A9C7A}.Release|Any CPU.Build.0 = Release|Any CPU
		{DE89CF5D-EEF2-4728-8AA5-F485D04A9C7A}.Release|ARM.ActiveCfg = Release|ARM
		{DE89CF5D-EEF2-4728-8AA5-F485D04A9C7A}.Release|ARM.Build.0 = Release|ARM
		{DE89CF5D-EEF2-4728-8AA5-F485D04A9C7A}.Release|x64.ActiveCfg = Release|x64
		{DE89CF5D-EEF2-4728-8AA5-F485D04A9C7A}.Release|x64.Build.0 = Release|x64
		{DE89CF5D-EEF2-4728-8AA5-F485D04A9C7A}.Release|x86.ActiveCfg = Release|x86
		{DE89CF5D-EEF2-4728-8AA5-F485D04A9C7A}.Release|x86.Build.0 = Release|x86
		{7DFCCB60-F0AA-4178-905B-F9008AA7D1E3}.Debug|Any CPU.ActiveCfg = Debug|Any CPU
		{7DFCCB60-F0AA-4178-905B-F9008AA7D1E3}.Debug|Any CPU.Build.0 = Debug|Any CPU
		{7DFCCB60-F0AA-4178-905B-F9008AA7D1E3}.Debug|ARM.ActiveCfg = Debug|ARM
		{7DFCCB60-F0AA-4178-905B-F9008AA7D1E3}.Debug|ARM.Build.0 = Debug|ARM
		{7DFCCB60-F0AA-4178-905B-F9008AA7D1E3}.Debug|x64.ActiveCfg = Debug|x64
		{7DFCCB60-F0AA-4178-905B-F9008AA7D1E3}.Debug|x64.Build.0 = Debug|x64
		{7DFCCB60-F0AA-4178-905B-F9008AA7D1E3}.Debug|x86.ActiveCfg = Debug|x86
		{7DFCCB60-F0AA-4178-905B-F9008AA7D1E3}.Debug|x86.Build.0 = Debug|x86
		{7DFCCB60-F0AA-4178-905B-F9008AA7D1E3}.Release_Delay_Sign|Any CPU.ActiveCfg = Release|Any CPU
		{7DFCCB60-F0AA-4178-905B-F9008AA7D1E3}.Release_Delay_Sign|Any CPU.Build.0 = Release|Any CPU
		{7DFCCB60-F0AA-4178-905B-F9008AA7D1E3}.Release_Delay_Sign|ARM.ActiveCfg = Release|ARM
		{7DFCCB60-F0AA-4178-905B-F9008AA7D1E3}.Release_Delay_Sign|ARM.Build.0 = Release|ARM
		{7DFCCB60-F0AA-4178-905B-F9008AA7D1E3}.Release_Delay_Sign|x64.ActiveCfg = Release|x64
		{7DFCCB60-F0AA-4178-905B-F9008AA7D1E3}.Release_Delay_Sign|x64.Build.0 = Release|x64
		{7DFCCB60-F0AA-4178-905B-F9008AA7D1E3}.Release_Delay_Sign|x86.ActiveCfg = Release|x86
		{7DFCCB60-F0AA-4178-905B-F9008AA7D1E3}.Release_Delay_Sign|x86.Build.0 = Release|x86
		{7DFCCB60-F0AA-4178-905B-F9008AA7D1E3}.Release|Any CPU.ActiveCfg = Release|Any CPU
		{7DFCCB60-F0AA-4178-905B-F9008AA7D1E3}.Release|Any CPU.Build.0 = Release|Any CPU
		{7DFCCB60-F0AA-4178-905B-F9008AA7D1E3}.Release|ARM.ActiveCfg = Release|ARM
		{7DFCCB60-F0AA-4178-905B-F9008AA7D1E3}.Release|ARM.Build.0 = Release|ARM
		{7DFCCB60-F0AA-4178-905B-F9008AA7D1E3}.Release|x64.ActiveCfg = Release|x64
		{7DFCCB60-F0AA-4178-905B-F9008AA7D1E3}.Release|x64.Build.0 = Release|x64
		{7DFCCB60-F0AA-4178-905B-F9008AA7D1E3}.Release|x86.ActiveCfg = Release|x86
		{7DFCCB60-F0AA-4178-905B-F9008AA7D1E3}.Release|x86.Build.0 = Release|x86
		{2C561DC8-6D78-4E01-927F-81AA4C8F3134}.Debug|Any CPU.ActiveCfg = Debug|Any CPU
		{2C561DC8-6D78-4E01-927F-81AA4C8F3134}.Debug|Any CPU.Build.0 = Debug|Any CPU
		{2C561DC8-6D78-4E01-927F-81AA4C8F3134}.Debug|ARM.ActiveCfg = Debug|ARM
		{2C561DC8-6D78-4E01-927F-81AA4C8F3134}.Debug|ARM.Build.0 = Debug|ARM
		{2C561DC8-6D78-4E01-927F-81AA4C8F3134}.Debug|x64.ActiveCfg = Debug|x64
		{2C561DC8-6D78-4E01-927F-81AA4C8F3134}.Debug|x64.Build.0 = Debug|x64
		{2C561DC8-6D78-4E01-927F-81AA4C8F3134}.Debug|x86.ActiveCfg = Debug|x86
		{2C561DC8-6D78-4E01-927F-81AA4C8F3134}.Debug|x86.Build.0 = Debug|x86
		{2C561DC8-6D78-4E01-927F-81AA4C8F3134}.Release_Delay_Sign|Any CPU.ActiveCfg = Release|Any CPU
		{2C561DC8-6D78-4E01-927F-81AA4C8F3134}.Release_Delay_Sign|Any CPU.Build.0 = Release|Any CPU
		{2C561DC8-6D78-4E01-927F-81AA4C8F3134}.Release_Delay_Sign|ARM.ActiveCfg = Release|ARM
		{2C561DC8-6D78-4E01-927F-81AA4C8F3134}.Release_Delay_Sign|ARM.Build.0 = Release|ARM
		{2C561DC8-6D78-4E01-927F-81AA4C8F3134}.Release_Delay_Sign|x64.ActiveCfg = Release|x64
		{2C561DC8-6D78-4E01-927F-81AA4C8F3134}.Release_Delay_Sign|x64.Build.0 = Release|x64
		{2C561DC8-6D78-4E01-927F-81AA4C8F3134}.Release_Delay_Sign|x86.ActiveCfg = Release|x86
		{2C561DC8-6D78-4E01-927F-81AA4C8F3134}.Release_Delay_Sign|x86.Build.0 = Release|x86
		{2C561DC8-6D78-4E01-927F-81AA4C8F3134}.Release|Any CPU.ActiveCfg = Release|Any CPU
		{2C561DC8-6D78-4E01-927F-81AA4C8F3134}.Release|Any CPU.Build.0 = Release|Any CPU
		{2C561DC8-6D78-4E01-927F-81AA4C8F3134}.Release|ARM.ActiveCfg = Release|ARM
		{2C561DC8-6D78-4E01-927F-81AA4C8F3134}.Release|ARM.Build.0 = Release|ARM
		{2C561DC8-6D78-4E01-927F-81AA4C8F3134}.Release|x64.ActiveCfg = Release|x64
		{2C561DC8-6D78-4E01-927F-81AA4C8F3134}.Release|x64.Build.0 = Release|x64
		{2C561DC8-6D78-4E01-927F-81AA4C8F3134}.Release|x86.ActiveCfg = Release|x86
		{2C561DC8-6D78-4E01-927F-81AA4C8F3134}.Release|x86.Build.0 = Release|x86
		{0BC00C57-0564-416C-9CFB-FBB8899BABE4}.Debug|Any CPU.ActiveCfg = Debug|Any CPU
		{0BC00C57-0564-416C-9CFB-FBB8899BABE4}.Debug|Any CPU.Build.0 = Debug|Any CPU
		{0BC00C57-0564-416C-9CFB-FBB8899BABE4}.Debug|ARM.ActiveCfg = Debug|ARM
		{0BC00C57-0564-416C-9CFB-FBB8899BABE4}.Debug|ARM.Build.0 = Debug|ARM
		{0BC00C57-0564-416C-9CFB-FBB8899BABE4}.Debug|x64.ActiveCfg = Debug|x64
		{0BC00C57-0564-416C-9CFB-FBB8899BABE4}.Debug|x64.Build.0 = Debug|x64
		{0BC00C57-0564-416C-9CFB-FBB8899BABE4}.Debug|x86.ActiveCfg = Debug|x86
		{0BC00C57-0564-416C-9CFB-FBB8899BABE4}.Debug|x86.Build.0 = Debug|x86
		{0BC00C57-0564-416C-9CFB-FBB8899BABE4}.Release_Delay_Sign|Any CPU.ActiveCfg = Release|Any CPU
		{0BC00C57-0564-416C-9CFB-FBB8899BABE4}.Release_Delay_Sign|Any CPU.Build.0 = Release|Any CPU
		{0BC00C57-0564-416C-9CFB-FBB8899BABE4}.Release_Delay_Sign|ARM.ActiveCfg = Release|ARM
		{0BC00C57-0564-416C-9CFB-FBB8899BABE4}.Release_Delay_Sign|ARM.Build.0 = Release|ARM
		{0BC00C57-0564-416C-9CFB-FBB8899BABE4}.Release_Delay_Sign|x64.ActiveCfg = Release|x64
		{0BC00C57-0564-416C-9CFB-FBB8899BABE4}.Release_Delay_Sign|x64.Build.0 = Release|x64
		{0BC00C57-0564-416C-9CFB-FBB8899BABE4}.Release_Delay_Sign|x86.ActiveCfg = Release|x86
		{0BC00C57-0564-416C-9CFB-FBB8899BABE4}.Release_Delay_Sign|x86.Build.0 = Release|x86
		{0BC00C57-0564-416C-9CFB-FBB8899BABE4}.Release|Any CPU.ActiveCfg = Release|Any CPU
		{0BC00C57-0564-416C-9CFB-FBB8899BABE4}.Release|Any CPU.Build.0 = Release|Any CPU
		{0BC00C57-0564-416C-9CFB-FBB8899BABE4}.Release|ARM.ActiveCfg = Release|ARM
		{0BC00C57-0564-416C-9CFB-FBB8899BABE4}.Release|ARM.Build.0 = Release|ARM
		{0BC00C57-0564-416C-9CFB-FBB8899BABE4}.Release|x64.ActiveCfg = Release|x64
		{0BC00C57-0564-416C-9CFB-FBB8899BABE4}.Release|x64.Build.0 = Release|x64
		{0BC00C57-0564-416C-9CFB-FBB8899BABE4}.Release|x86.ActiveCfg = Release|x86
		{0BC00C57-0564-416C-9CFB-FBB8899BABE4}.Release|x86.Build.0 = Release|x86
		{F797F431-96A6-4A5A-9063-8DFE08FFE442}.Debug|Any CPU.ActiveCfg = Debug|Any CPU
		{F797F431-96A6-4A5A-9063-8DFE08FFE442}.Debug|Any CPU.Build.0 = Debug|Any CPU
		{F797F431-96A6-4A5A-9063-8DFE08FFE442}.Debug|ARM.ActiveCfg = Debug|ARM
		{F797F431-96A6-4A5A-9063-8DFE08FFE442}.Debug|ARM.Build.0 = Debug|ARM
		{F797F431-96A6-4A5A-9063-8DFE08FFE442}.Debug|x64.ActiveCfg = Debug|x64
		{F797F431-96A6-4A5A-9063-8DFE08FFE442}.Debug|x64.Build.0 = Debug|x64
		{F797F431-96A6-4A5A-9063-8DFE08FFE442}.Debug|x86.ActiveCfg = Debug|x86
		{F797F431-96A6-4A5A-9063-8DFE08FFE442}.Debug|x86.Build.0 = Debug|x86
		{F797F431-96A6-4A5A-9063-8DFE08FFE442}.Release_Delay_Sign|Any CPU.ActiveCfg = Release|Any CPU
		{F797F431-96A6-4A5A-9063-8DFE08FFE442}.Release_Delay_Sign|Any CPU.Build.0 = Release|Any CPU
		{F797F431-96A6-4A5A-9063-8DFE08FFE442}.Release_Delay_Sign|ARM.ActiveCfg = Release|ARM
		{F797F431-96A6-4A5A-9063-8DFE08FFE442}.Release_Delay_Sign|ARM.Build.0 = Release|ARM
		{F797F431-96A6-4A5A-9063-8DFE08FFE442}.Release_Delay_Sign|x64.ActiveCfg = Release|x64
		{F797F431-96A6-4A5A-9063-8DFE08FFE442}.Release_Delay_Sign|x64.Build.0 = Release|x64
		{F797F431-96A6-4A5A-9063-8DFE08FFE442}.Release_Delay_Sign|x86.ActiveCfg = Release|x86
		{F797F431-96A6-4A5A-9063-8DFE08FFE442}.Release_Delay_Sign|x86.Build.0 = Release|x86
		{F797F431-96A6-4A5A-9063-8DFE08FFE442}.Release|Any CPU.ActiveCfg = Release|Any CPU
		{F797F431-96A6-4A5A-9063-8DFE08FFE442}.Release|Any CPU.Build.0 = Release|Any CPU
		{F797F431-96A6-4A5A-9063-8DFE08FFE442}.Release|ARM.ActiveCfg = Release|ARM
		{F797F431-96A6-4A5A-9063-8DFE08FFE442}.Release|ARM.Build.0 = Release|ARM
		{F797F431-96A6-4A5A-9063-8DFE08FFE442}.Release|x64.ActiveCfg = Release|x64
		{F797F431-96A6-4A5A-9063-8DFE08FFE442}.Release|x64.Build.0 = Release|x64
		{F797F431-96A6-4A5A-9063-8DFE08FFE442}.Release|x86.ActiveCfg = Release|x86
		{F797F431-96A6-4A5A-9063-8DFE08FFE442}.Release|x86.Build.0 = Release|x86
		{8E372B79-7CED-4EF3-9BF2-2E67F9B69C43}.Debug|Any CPU.ActiveCfg = Debug|Any CPU
		{8E372B79-7CED-4EF3-9BF2-2E67F9B69C43}.Debug|Any CPU.Build.0 = Debug|Any CPU
		{8E372B79-7CED-4EF3-9BF2-2E67F9B69C43}.Debug|ARM.ActiveCfg = Debug|ARM
		{8E372B79-7CED-4EF3-9BF2-2E67F9B69C43}.Debug|ARM.Build.0 = Debug|ARM
		{8E372B79-7CED-4EF3-9BF2-2E67F9B69C43}.Debug|x64.ActiveCfg = Debug|x64
		{8E372B79-7CED-4EF3-9BF2-2E67F9B69C43}.Debug|x64.Build.0 = Debug|x64
		{8E372B79-7CED-4EF3-9BF2-2E67F9B69C43}.Debug|x86.ActiveCfg = Debug|x86
		{8E372B79-7CED-4EF3-9BF2-2E67F9B69C43}.Debug|x86.Build.0 = Debug|x86
		{8E372B79-7CED-4EF3-9BF2-2E67F9B69C43}.Release_Delay_Sign|Any CPU.ActiveCfg = Release|Any CPU
		{8E372B79-7CED-4EF3-9BF2-2E67F9B69C43}.Release_Delay_Sign|Any CPU.Build.0 = Release|Any CPU
		{8E372B79-7CED-4EF3-9BF2-2E67F9B69C43}.Release_Delay_Sign|ARM.ActiveCfg = Release|ARM
		{8E372B79-7CED-4EF3-9BF2-2E67F9B69C43}.Release_Delay_Sign|ARM.Build.0 = Release|ARM
		{8E372B79-7CED-4EF3-9BF2-2E67F9B69C43}.Release_Delay_Sign|x64.ActiveCfg = Release|x64
		{8E372B79-7CED-4EF3-9BF2-2E67F9B69C43}.Release_Delay_Sign|x64.Build.0 = Release|x64
		{8E372B79-7CED-4EF3-9BF2-2E67F9B69C43}.Release_Delay_Sign|x86.ActiveCfg = Release|x86
		{8E372B79-7CED-4EF3-9BF2-2E67F9B69C43}.Release_Delay_Sign|x86.Build.0 = Release|x86
		{8E372B79-7CED-4EF3-9BF2-2E67F9B69C43}.Release|Any CPU.ActiveCfg = Release|Any CPU
		{8E372B79-7CED-4EF3-9BF2-2E67F9B69C43}.Release|Any CPU.Build.0 = Release|Any CPU
		{8E372B79-7CED-4EF3-9BF2-2E67F9B69C43}.Release|ARM.ActiveCfg = Release|ARM
		{8E372B79-7CED-4EF3-9BF2-2E67F9B69C43}.Release|ARM.Build.0 = Release|ARM
		{8E372B79-7CED-4EF3-9BF2-2E67F9B69C43}.Release|x64.ActiveCfg = Release|x64
		{8E372B79-7CED-4EF3-9BF2-2E67F9B69C43}.Release|x64.Build.0 = Release|x64
		{8E372B79-7CED-4EF3-9BF2-2E67F9B69C43}.Release|x86.ActiveCfg = Release|x86
		{8E372B79-7CED-4EF3-9BF2-2E67F9B69C43}.Release|x86.Build.0 = Release|x86
		{28EF3DB9-B9D2-4EE8-A8F6-AFE563583B48}.Debug|Any CPU.ActiveCfg = Debug|Any CPU
		{28EF3DB9-B9D2-4EE8-A8F6-AFE563583B48}.Debug|Any CPU.Build.0 = Debug|Any CPU
		{28EF3DB9-B9D2-4EE8-A8F6-AFE563583B48}.Debug|ARM.ActiveCfg = Debug|Any CPU
		{28EF3DB9-B9D2-4EE8-A8F6-AFE563583B48}.Debug|ARM.Build.0 = Debug|Any CPU
		{28EF3DB9-B9D2-4EE8-A8F6-AFE563583B48}.Debug|x64.ActiveCfg = Debug|Any CPU
		{28EF3DB9-B9D2-4EE8-A8F6-AFE563583B48}.Debug|x64.Build.0 = Debug|Any CPU
		{28EF3DB9-B9D2-4EE8-A8F6-AFE563583B48}.Debug|x86.ActiveCfg = Debug|Any CPU
		{28EF3DB9-B9D2-4EE8-A8F6-AFE563583B48}.Debug|x86.Build.0 = Debug|Any CPU
		{28EF3DB9-B9D2-4EE8-A8F6-AFE563583B48}.Release_Delay_Sign|Any CPU.ActiveCfg = Release|Any CPU
		{28EF3DB9-B9D2-4EE8-A8F6-AFE563583B48}.Release_Delay_Sign|Any CPU.Build.0 = Release|Any CPU
		{28EF3DB9-B9D2-4EE8-A8F6-AFE563583B48}.Release_Delay_Sign|ARM.ActiveCfg = Release|Any CPU
		{28EF3DB9-B9D2-4EE8-A8F6-AFE563583B48}.Release_Delay_Sign|ARM.Build.0 = Release|Any CPU
		{28EF3DB9-B9D2-4EE8-A8F6-AFE563583B48}.Release_Delay_Sign|x64.ActiveCfg = Release|Any CPU
		{28EF3DB9-B9D2-4EE8-A8F6-AFE563583B48}.Release_Delay_Sign|x64.Build.0 = Release|Any CPU
		{28EF3DB9-B9D2-4EE8-A8F6-AFE563583B48}.Release_Delay_Sign|x86.ActiveCfg = Release|Any CPU
		{28EF3DB9-B9D2-4EE8-A8F6-AFE563583B48}.Release_Delay_Sign|x86.Build.0 = Release|Any CPU
		{28EF3DB9-B9D2-4EE8-A8F6-AFE563583B48}.Release|Any CPU.ActiveCfg = Release|Any CPU
		{28EF3DB9-B9D2-4EE8-A8F6-AFE563583B48}.Release|Any CPU.Build.0 = Release|Any CPU
		{28EF3DB9-B9D2-4EE8-A8F6-AFE563583B48}.Release|ARM.ActiveCfg = Release|Any CPU
		{28EF3DB9-B9D2-4EE8-A8F6-AFE563583B48}.Release|ARM.Build.0 = Release|Any CPU
		{28EF3DB9-B9D2-4EE8-A8F6-AFE563583B48}.Release|x64.ActiveCfg = Release|Any CPU
		{28EF3DB9-B9D2-4EE8-A8F6-AFE563583B48}.Release|x64.Build.0 = Release|Any CPU
		{28EF3DB9-B9D2-4EE8-A8F6-AFE563583B48}.Release|x86.ActiveCfg = Release|Any CPU
		{28EF3DB9-B9D2-4EE8-A8F6-AFE563583B48}.Release|x86.Build.0 = Release|Any CPU
		{90A6862A-902A-4145-BF6A-A5B5BCE5F706}.Debug|Any CPU.ActiveCfg = Debug|Any CPU
		{90A6862A-902A-4145-BF6A-A5B5BCE5F706}.Debug|Any CPU.Build.0 = Debug|Any CPU
		{90A6862A-902A-4145-BF6A-A5B5BCE5F706}.Debug|ARM.ActiveCfg = Debug|Any CPU
		{90A6862A-902A-4145-BF6A-A5B5BCE5F706}.Debug|ARM.Build.0 = Debug|Any CPU
		{90A6862A-902A-4145-BF6A-A5B5BCE5F706}.Debug|x64.ActiveCfg = Debug|Any CPU
		{90A6862A-902A-4145-BF6A-A5B5BCE5F706}.Debug|x64.Build.0 = Debug|Any CPU
		{90A6862A-902A-4145-BF6A-A5B5BCE5F706}.Debug|x86.ActiveCfg = Debug|Any CPU
		{90A6862A-902A-4145-BF6A-A5B5BCE5F706}.Debug|x86.Build.0 = Debug|Any CPU
		{90A6862A-902A-4145-BF6A-A5B5BCE5F706}.Release_Delay_Sign|Any CPU.ActiveCfg = Release|Any CPU
		{90A6862A-902A-4145-BF6A-A5B5BCE5F706}.Release_Delay_Sign|Any CPU.Build.0 = Release|Any CPU
		{90A6862A-902A-4145-BF6A-A5B5BCE5F706}.Release_Delay_Sign|ARM.ActiveCfg = Release|Any CPU
		{90A6862A-902A-4145-BF6A-A5B5BCE5F706}.Release_Delay_Sign|ARM.Build.0 = Release|Any CPU
		{90A6862A-902A-4145-BF6A-A5B5BCE5F706}.Release_Delay_Sign|x64.ActiveCfg = Release|Any CPU
		{90A6862A-902A-4145-BF6A-A5B5BCE5F706}.Release_Delay_Sign|x64.Build.0 = Release|Any CPU
		{90A6862A-902A-4145-BF6A-A5B5BCE5F706}.Release_Delay_Sign|x86.ActiveCfg = Release|Any CPU
		{90A6862A-902A-4145-BF6A-A5B5BCE5F706}.Release_Delay_Sign|x86.Build.0 = Release|Any CPU
		{90A6862A-902A-4145-BF6A-A5B5BCE5F706}.Release|Any CPU.ActiveCfg = Release|Any CPU
		{90A6862A-902A-4145-BF6A-A5B5BCE5F706}.Release|Any CPU.Build.0 = Release|Any CPU
		{90A6862A-902A-4145-BF6A-A5B5BCE5F706}.Release|ARM.ActiveCfg = Release|Any CPU
		{90A6862A-902A-4145-BF6A-A5B5BCE5F706}.Release|ARM.Build.0 = Release|Any CPU
		{90A6862A-902A-4145-BF6A-A5B5BCE5F706}.Release|x64.ActiveCfg = Release|Any CPU
		{90A6862A-902A-4145-BF6A-A5B5BCE5F706}.Release|x64.Build.0 = Release|Any CPU
		{90A6862A-902A-4145-BF6A-A5B5BCE5F706}.Release|x86.ActiveCfg = Release|Any CPU
		{90A6862A-902A-4145-BF6A-A5B5BCE5F706}.Release|x86.Build.0 = Release|Any CPU
		{248F2F66-1732-4885-B917-01C5C0511336}.Debug|Any CPU.ActiveCfg = Debug|Any CPU
		{248F2F66-1732-4885-B917-01C5C0511336}.Debug|Any CPU.Build.0 = Debug|Any CPU
		{248F2F66-1732-4885-B917-01C5C0511336}.Debug|ARM.ActiveCfg = Debug|ARM
		{248F2F66-1732-4885-B917-01C5C0511336}.Debug|ARM.Build.0 = Debug|ARM
		{248F2F66-1732-4885-B917-01C5C0511336}.Debug|x64.ActiveCfg = Debug|x64
		{248F2F66-1732-4885-B917-01C5C0511336}.Debug|x64.Build.0 = Debug|x64
		{248F2F66-1732-4885-B917-01C5C0511336}.Debug|x86.ActiveCfg = Debug|x86
		{248F2F66-1732-4885-B917-01C5C0511336}.Debug|x86.Build.0 = Debug|x86
		{248F2F66-1732-4885-B917-01C5C0511336}.Release_Delay_Sign|Any CPU.ActiveCfg = Release|Any CPU
		{248F2F66-1732-4885-B917-01C5C0511336}.Release_Delay_Sign|Any CPU.Build.0 = Release|Any CPU
		{248F2F66-1732-4885-B917-01C5C0511336}.Release_Delay_Sign|ARM.ActiveCfg = Release|ARM
		{248F2F66-1732-4885-B917-01C5C0511336}.Release_Delay_Sign|ARM.Build.0 = Release|ARM
		{248F2F66-1732-4885-B917-01C5C0511336}.Release_Delay_Sign|x64.ActiveCfg = Release|x64
		{248F2F66-1732-4885-B917-01C5C0511336}.Release_Delay_Sign|x64.Build.0 = Release|x64
		{248F2F66-1732-4885-B917-01C5C0511336}.Release_Delay_Sign|x86.ActiveCfg = Release|x86
		{248F2F66-1732-4885-B917-01C5C0511336}.Release_Delay_Sign|x86.Build.0 = Release|x86
		{248F2F66-1732-4885-B917-01C5C0511336}.Release|Any CPU.ActiveCfg = Release|Any CPU
		{248F2F66-1732-4885-B917-01C5C0511336}.Release|Any CPU.Build.0 = Release|Any CPU
		{248F2F66-1732-4885-B917-01C5C0511336}.Release|ARM.ActiveCfg = Release|ARM
		{248F2F66-1732-4885-B917-01C5C0511336}.Release|ARM.Build.0 = Release|ARM
		{248F2F66-1732-4885-B917-01C5C0511336}.Release|x64.ActiveCfg = Release|x64
		{248F2F66-1732-4885-B917-01C5C0511336}.Release|x64.Build.0 = Release|x64
		{248F2F66-1732-4885-B917-01C5C0511336}.Release|x86.ActiveCfg = Release|x86
		{248F2F66-1732-4885-B917-01C5C0511336}.Release|x86.Build.0 = Release|x86
		{8C1CF29B-2DCA-4023-9ABD-8B04C99B4C3E}.Debug|Any CPU.ActiveCfg = Debug|Any CPU
		{8C1CF29B-2DCA-4023-9ABD-8B04C99B4C3E}.Debug|Any CPU.Build.0 = Debug|Any CPU
		{8C1CF29B-2DCA-4023-9ABD-8B04C99B4C3E}.Debug|ARM.ActiveCfg = Debug|ARM
		{8C1CF29B-2DCA-4023-9ABD-8B04C99B4C3E}.Debug|ARM.Build.0 = Debug|ARM
		{8C1CF29B-2DCA-4023-9ABD-8B04C99B4C3E}.Debug|x64.ActiveCfg = Debug|x64
		{8C1CF29B-2DCA-4023-9ABD-8B04C99B4C3E}.Debug|x64.Build.0 = Debug|x64
		{8C1CF29B-2DCA-4023-9ABD-8B04C99B4C3E}.Debug|x86.ActiveCfg = Debug|x86
		{8C1CF29B-2DCA-4023-9ABD-8B04C99B4C3E}.Debug|x86.Build.0 = Debug|x86
		{8C1CF29B-2DCA-4023-9ABD-8B04C99B4C3E}.Release_Delay_Sign|Any CPU.ActiveCfg = Release|Any CPU
		{8C1CF29B-2DCA-4023-9ABD-8B04C99B4C3E}.Release_Delay_Sign|Any CPU.Build.0 = Release|Any CPU
		{8C1CF29B-2DCA-4023-9ABD-8B04C99B4C3E}.Release_Delay_Sign|ARM.ActiveCfg = Release|ARM
		{8C1CF29B-2DCA-4023-9ABD-8B04C99B4C3E}.Release_Delay_Sign|ARM.Build.0 = Release|ARM
		{8C1CF29B-2DCA-4023-9ABD-8B04C99B4C3E}.Release_Delay_Sign|x64.ActiveCfg = Release|x64
		{8C1CF29B-2DCA-4023-9ABD-8B04C99B4C3E}.Release_Delay_Sign|x64.Build.0 = Release|x64
		{8C1CF29B-2DCA-4023-9ABD-8B04C99B4C3E}.Release_Delay_Sign|x86.ActiveCfg = Release|x86
		{8C1CF29B-2DCA-4023-9ABD-8B04C99B4C3E}.Release_Delay_Sign|x86.Build.0 = Release|x86
		{8C1CF29B-2DCA-4023-9ABD-8B04C99B4C3E}.Release|Any CPU.ActiveCfg = Release|Any CPU
		{8C1CF29B-2DCA-4023-9ABD-8B04C99B4C3E}.Release|Any CPU.Build.0 = Release|Any CPU
		{8C1CF29B-2DCA-4023-9ABD-8B04C99B4C3E}.Release|ARM.ActiveCfg = Release|ARM
		{8C1CF29B-2DCA-4023-9ABD-8B04C99B4C3E}.Release|ARM.Build.0 = Release|ARM
		{8C1CF29B-2DCA-4023-9ABD-8B04C99B4C3E}.Release|x64.ActiveCfg = Release|x64
		{8C1CF29B-2DCA-4023-9ABD-8B04C99B4C3E}.Release|x64.Build.0 = Release|x64
		{8C1CF29B-2DCA-4023-9ABD-8B04C99B4C3E}.Release|x86.ActiveCfg = Release|x86
		{8C1CF29B-2DCA-4023-9ABD-8B04C99B4C3E}.Release|x86.Build.0 = Release|x86
		{8DC2BA6A-141D-43DF-9EA4-8E6A7470C201}.Debug|Any CPU.ActiveCfg = Debug|Any CPU
		{8DC2BA6A-141D-43DF-9EA4-8E6A7470C201}.Debug|Any CPU.Build.0 = Debug|Any CPU
		{8DC2BA6A-141D-43DF-9EA4-8E6A7470C201}.Debug|ARM.ActiveCfg = Debug|Any CPU
		{8DC2BA6A-141D-43DF-9EA4-8E6A7470C201}.Debug|ARM.Build.0 = Debug|Any CPU
		{8DC2BA6A-141D-43DF-9EA4-8E6A7470C201}.Debug|x64.ActiveCfg = Debug|Any CPU
		{8DC2BA6A-141D-43DF-9EA4-8E6A7470C201}.Debug|x64.Build.0 = Debug|Any CPU
		{8DC2BA6A-141D-43DF-9EA4-8E6A7470C201}.Debug|x86.ActiveCfg = Debug|Any CPU
		{8DC2BA6A-141D-43DF-9EA4-8E6A7470C201}.Debug|x86.Build.0 = Debug|Any CPU
		{8DC2BA6A-141D-43DF-9EA4-8E6A7470C201}.Release_Delay_Sign|Any CPU.ActiveCfg = Release|Any CPU
		{8DC2BA6A-141D-43DF-9EA4-8E6A7470C201}.Release_Delay_Sign|Any CPU.Build.0 = Release|Any CPU
		{8DC2BA6A-141D-43DF-9EA4-8E6A7470C201}.Release_Delay_Sign|ARM.ActiveCfg = Release|Any CPU
		{8DC2BA6A-141D-43DF-9EA4-8E6A7470C201}.Release_Delay_Sign|ARM.Build.0 = Release|Any CPU
		{8DC2BA6A-141D-43DF-9EA4-8E6A7470C201}.Release_Delay_Sign|x64.ActiveCfg = Release|Any CPU
		{8DC2BA6A-141D-43DF-9EA4-8E6A7470C201}.Release_Delay_Sign|x64.Build.0 = Release|Any CPU
		{8DC2BA6A-141D-43DF-9EA4-8E6A7470C201}.Release_Delay_Sign|x86.ActiveCfg = Release|Any CPU
		{8DC2BA6A-141D-43DF-9EA4-8E6A7470C201}.Release_Delay_Sign|x86.Build.0 = Release|Any CPU
		{8DC2BA6A-141D-43DF-9EA4-8E6A7470C201}.Release|Any CPU.ActiveCfg = Release|Any CPU
		{8DC2BA6A-141D-43DF-9EA4-8E6A7470C201}.Release|Any CPU.Build.0 = Release|Any CPU
		{8DC2BA6A-141D-43DF-9EA4-8E6A7470C201}.Release|ARM.ActiveCfg = Release|Any CPU
		{8DC2BA6A-141D-43DF-9EA4-8E6A7470C201}.Release|ARM.Build.0 = Release|Any CPU
		{8DC2BA6A-141D-43DF-9EA4-8E6A7470C201}.Release|x64.ActiveCfg = Release|Any CPU
		{8DC2BA6A-141D-43DF-9EA4-8E6A7470C201}.Release|x64.Build.0 = Release|Any CPU
		{8DC2BA6A-141D-43DF-9EA4-8E6A7470C201}.Release|x86.ActiveCfg = Release|Any CPU
		{8DC2BA6A-141D-43DF-9EA4-8E6A7470C201}.Release|x86.Build.0 = Release|Any CPU
		{10B765CD-DCE8-4342-9055-96B83403DE6E}.Debug|Any CPU.ActiveCfg = Debug|Any CPU
		{10B765CD-DCE8-4342-9055-96B83403DE6E}.Debug|Any CPU.Build.0 = Debug|Any CPU
		{10B765CD-DCE8-4342-9055-96B83403DE6E}.Debug|ARM.ActiveCfg = Debug|Any CPU
		{10B765CD-DCE8-4342-9055-96B83403DE6E}.Debug|ARM.Build.0 = Debug|Any CPU
		{10B765CD-DCE8-4342-9055-96B83403DE6E}.Debug|x64.ActiveCfg = Debug|Any CPU
		{10B765CD-DCE8-4342-9055-96B83403DE6E}.Debug|x64.Build.0 = Debug|Any CPU
		{10B765CD-DCE8-4342-9055-96B83403DE6E}.Debug|x86.ActiveCfg = Debug|Any CPU
		{10B765CD-DCE8-4342-9055-96B83403DE6E}.Debug|x86.Build.0 = Debug|Any CPU
		{10B765CD-DCE8-4342-9055-96B83403DE6E}.Release_Delay_Sign|Any CPU.ActiveCfg = Release|Any CPU
		{10B765CD-DCE8-4342-9055-96B83403DE6E}.Release_Delay_Sign|Any CPU.Build.0 = Release|Any CPU
		{10B765CD-DCE8-4342-9055-96B83403DE6E}.Release_Delay_Sign|ARM.ActiveCfg = Release|Any CPU
		{10B765CD-DCE8-4342-9055-96B83403DE6E}.Release_Delay_Sign|ARM.Build.0 = Release|Any CPU
		{10B765CD-DCE8-4342-9055-96B83403DE6E}.Release_Delay_Sign|x64.ActiveCfg = Release|Any CPU
		{10B765CD-DCE8-4342-9055-96B83403DE6E}.Release_Delay_Sign|x64.Build.0 = Release|Any CPU
		{10B765CD-DCE8-4342-9055-96B83403DE6E}.Release_Delay_Sign|x86.ActiveCfg = Release|Any CPU
		{10B765CD-DCE8-4342-9055-96B83403DE6E}.Release_Delay_Sign|x86.Build.0 = Release|Any CPU
		{10B765CD-DCE8-4342-9055-96B83403DE6E}.Release|Any CPU.ActiveCfg = Release|Any CPU
		{10B765CD-DCE8-4342-9055-96B83403DE6E}.Release|Any CPU.Build.0 = Release|Any CPU
		{10B765CD-DCE8-4342-9055-96B83403DE6E}.Release|ARM.ActiveCfg = Release|Any CPU
		{10B765CD-DCE8-4342-9055-96B83403DE6E}.Release|ARM.Build.0 = Release|Any CPU
		{10B765CD-DCE8-4342-9055-96B83403DE6E}.Release|x64.ActiveCfg = Release|Any CPU
		{10B765CD-DCE8-4342-9055-96B83403DE6E}.Release|x64.Build.0 = Release|Any CPU
		{10B765CD-DCE8-4342-9055-96B83403DE6E}.Release|x86.ActiveCfg = Release|Any CPU
		{10B765CD-DCE8-4342-9055-96B83403DE6E}.Release|x86.Build.0 = Release|Any CPU
		{7AE6AAA2-522C-4203-BD05-12A51B0F0FA8}.Debug|Any CPU.ActiveCfg = Debug|Any CPU
		{7AE6AAA2-522C-4203-BD05-12A51B0F0FA8}.Debug|Any CPU.Build.0 = Debug|Any CPU
		{7AE6AAA2-522C-4203-BD05-12A51B0F0FA8}.Debug|ARM.ActiveCfg = Debug|Any CPU
		{7AE6AAA2-522C-4203-BD05-12A51B0F0FA8}.Debug|ARM.Build.0 = Debug|Any CPU
		{7AE6AAA2-522C-4203-BD05-12A51B0F0FA8}.Debug|x64.ActiveCfg = Debug|Any CPU
		{7AE6AAA2-522C-4203-BD05-12A51B0F0FA8}.Debug|x64.Build.0 = Debug|Any CPU
		{7AE6AAA2-522C-4203-BD05-12A51B0F0FA8}.Debug|x86.ActiveCfg = Debug|Any CPU
		{7AE6AAA2-522C-4203-BD05-12A51B0F0FA8}.Debug|x86.Build.0 = Debug|Any CPU
		{7AE6AAA2-522C-4203-BD05-12A51B0F0FA8}.Release_Delay_Sign|Any CPU.ActiveCfg = Release|Any CPU
		{7AE6AAA2-522C-4203-BD05-12A51B0F0FA8}.Release_Delay_Sign|Any CPU.Build.0 = Release|Any CPU
		{7AE6AAA2-522C-4203-BD05-12A51B0F0FA8}.Release_Delay_Sign|ARM.ActiveCfg = Release|Any CPU
		{7AE6AAA2-522C-4203-BD05-12A51B0F0FA8}.Release_Delay_Sign|ARM.Build.0 = Release|Any CPU
		{7AE6AAA2-522C-4203-BD05-12A51B0F0FA8}.Release_Delay_Sign|x64.ActiveCfg = Release|Any CPU
		{7AE6AAA2-522C-4203-BD05-12A51B0F0FA8}.Release_Delay_Sign|x64.Build.0 = Release|Any CPU
		{7AE6AAA2-522C-4203-BD05-12A51B0F0FA8}.Release_Delay_Sign|x86.ActiveCfg = Release|Any CPU
		{7AE6AAA2-522C-4203-BD05-12A51B0F0FA8}.Release_Delay_Sign|x86.Build.0 = Release|Any CPU
		{7AE6AAA2-522C-4203-BD05-12A51B0F0FA8}.Release|Any CPU.ActiveCfg = Release|Any CPU
		{7AE6AAA2-522C-4203-BD05-12A51B0F0FA8}.Release|Any CPU.Build.0 = Release|Any CPU
		{7AE6AAA2-522C-4203-BD05-12A51B0F0FA8}.Release|ARM.ActiveCfg = Release|Any CPU
		{7AE6AAA2-522C-4203-BD05-12A51B0F0FA8}.Release|ARM.Build.0 = Release|Any CPU
		{7AE6AAA2-522C-4203-BD05-12A51B0F0FA8}.Release|x64.ActiveCfg = Release|Any CPU
		{7AE6AAA2-522C-4203-BD05-12A51B0F0FA8}.Release|x64.Build.0 = Release|Any CPU
		{7AE6AAA2-522C-4203-BD05-12A51B0F0FA8}.Release|x86.ActiveCfg = Release|Any CPU
		{7AE6AAA2-522C-4203-BD05-12A51B0F0FA8}.Release|x86.Build.0 = Release|Any CPU
		{ED9FA22C-7F5F-484F-B973-730B99488706}.Debug|Any CPU.ActiveCfg = Debug|Any CPU
		{ED9FA22C-7F5F-484F-B973-730B99488706}.Debug|Any CPU.Build.0 = Debug|Any CPU
		{ED9FA22C-7F5F-484F-B973-730B99488706}.Debug|ARM.ActiveCfg = Debug|Any CPU
		{ED9FA22C-7F5F-484F-B973-730B99488706}.Debug|ARM.Build.0 = Debug|Any CPU
		{ED9FA22C-7F5F-484F-B973-730B99488706}.Debug|x64.ActiveCfg = Debug|Any CPU
		{ED9FA22C-7F5F-484F-B973-730B99488706}.Debug|x64.Build.0 = Debug|Any CPU
		{ED9FA22C-7F5F-484F-B973-730B99488706}.Debug|x86.ActiveCfg = Debug|Any CPU
		{ED9FA22C-7F5F-484F-B973-730B99488706}.Debug|x86.Build.0 = Debug|Any CPU
		{ED9FA22C-7F5F-484F-B973-730B99488706}.Release_Delay_Sign|Any CPU.ActiveCfg = Release|Any CPU
		{ED9FA22C-7F5F-484F-B973-730B99488706}.Release_Delay_Sign|Any CPU.Build.0 = Release|Any CPU
		{ED9FA22C-7F5F-484F-B973-730B99488706}.Release_Delay_Sign|ARM.ActiveCfg = Release|Any CPU
		{ED9FA22C-7F5F-484F-B973-730B99488706}.Release_Delay_Sign|ARM.Build.0 = Release|Any CPU
		{ED9FA22C-7F5F-484F-B973-730B99488706}.Release_Delay_Sign|x64.ActiveCfg = Release|Any CPU
		{ED9FA22C-7F5F-484F-B973-730B99488706}.Release_Delay_Sign|x64.Build.0 = Release|Any CPU
		{ED9FA22C-7F5F-484F-B973-730B99488706}.Release_Delay_Sign|x86.ActiveCfg = Release|Any CPU
		{ED9FA22C-7F5F-484F-B973-730B99488706}.Release_Delay_Sign|x86.Build.0 = Release|Any CPU
		{ED9FA22C-7F5F-484F-B973-730B99488706}.Release|Any CPU.ActiveCfg = Release|Any CPU
		{ED9FA22C-7F5F-484F-B973-730B99488706}.Release|Any CPU.Build.0 = Release|Any CPU
		{ED9FA22C-7F5F-484F-B973-730B99488706}.Release|ARM.ActiveCfg = Release|Any CPU
		{ED9FA22C-7F5F-484F-B973-730B99488706}.Release|ARM.Build.0 = Release|Any CPU
		{ED9FA22C-7F5F-484F-B973-730B99488706}.Release|x64.ActiveCfg = Release|Any CPU
		{ED9FA22C-7F5F-484F-B973-730B99488706}.Release|x64.Build.0 = Release|Any CPU
		{ED9FA22C-7F5F-484F-B973-730B99488706}.Release|x86.ActiveCfg = Release|Any CPU
		{ED9FA22C-7F5F-484F-B973-730B99488706}.Release|x86.Build.0 = Release|Any CPU
		{8C408658-3797-4F57-9F37-DE1C086A0685}.Debug|Any CPU.ActiveCfg = Debug|Any CPU
		{8C408658-3797-4F57-9F37-DE1C086A0685}.Debug|Any CPU.Build.0 = Debug|Any CPU
		{8C408658-3797-4F57-9F37-DE1C086A0685}.Debug|ARM.ActiveCfg = Debug|Any CPU
		{8C408658-3797-4F57-9F37-DE1C086A0685}.Debug|ARM.Build.0 = Debug|Any CPU
		{8C408658-3797-4F57-9F37-DE1C086A0685}.Debug|x64.ActiveCfg = Debug|Any CPU
		{8C408658-3797-4F57-9F37-DE1C086A0685}.Debug|x64.Build.0 = Debug|Any CPU
		{8C408658-3797-4F57-9F37-DE1C086A0685}.Debug|x86.ActiveCfg = Debug|Any CPU
		{8C408658-3797-4F57-9F37-DE1C086A0685}.Debug|x86.Build.0 = Debug|Any CPU
		{8C408658-3797-4F57-9F37-DE1C086A0685}.Release_Delay_Sign|Any CPU.ActiveCfg = Release_Delay_Sign|Any CPU
		{8C408658-3797-4F57-9F37-DE1C086A0685}.Release_Delay_Sign|Any CPU.Build.0 = Release_Delay_Sign|Any CPU
		{8C408658-3797-4F57-9F37-DE1C086A0685}.Release_Delay_Sign|ARM.ActiveCfg = Release_Delay_Sign|Any CPU
		{8C408658-3797-4F57-9F37-DE1C086A0685}.Release_Delay_Sign|ARM.Build.0 = Release_Delay_Sign|Any CPU
		{8C408658-3797-4F57-9F37-DE1C086A0685}.Release_Delay_Sign|x64.ActiveCfg = Release_Delay_Sign|Any CPU
		{8C408658-3797-4F57-9F37-DE1C086A0685}.Release_Delay_Sign|x64.Build.0 = Release_Delay_Sign|Any CPU
		{8C408658-3797-4F57-9F37-DE1C086A0685}.Release_Delay_Sign|x86.ActiveCfg = Release_Delay_Sign|Any CPU
		{8C408658-3797-4F57-9F37-DE1C086A0685}.Release_Delay_Sign|x86.Build.0 = Release_Delay_Sign|Any CPU
		{8C408658-3797-4F57-9F37-DE1C086A0685}.Release|Any CPU.ActiveCfg = Release|Any CPU
		{8C408658-3797-4F57-9F37-DE1C086A0685}.Release|Any CPU.Build.0 = Release|Any CPU
		{8C408658-3797-4F57-9F37-DE1C086A0685}.Release|ARM.ActiveCfg = Release|Any CPU
		{8C408658-3797-4F57-9F37-DE1C086A0685}.Release|ARM.Build.0 = Release|Any CPU
		{8C408658-3797-4F57-9F37-DE1C086A0685}.Release|x64.ActiveCfg = Release|Any CPU
		{8C408658-3797-4F57-9F37-DE1C086A0685}.Release|x64.Build.0 = Release|Any CPU
		{8C408658-3797-4F57-9F37-DE1C086A0685}.Release|x86.ActiveCfg = Release|Any CPU
		{8C408658-3797-4F57-9F37-DE1C086A0685}.Release|x86.Build.0 = Release|Any CPU
	EndGlobalSection
	GlobalSection(SolutionProperties) = preSolution
		HideSolutionNode = FALSE
	EndGlobalSection
	GlobalSection(NestedProjects) = preSolution
		{248F2F66-1732-4885-B917-01C5C0511336} = {4A3661DA-3374-40E9-BA86-5EE99DC09B88}
		{8C1CF29B-2DCA-4023-9ABD-8B04C99B4C3E} = {4A3661DA-3374-40E9-BA86-5EE99DC09B88}
		{10B765CD-DCE8-4342-9055-96B83403DE6E} = {4A3661DA-3374-40E9-BA86-5EE99DC09B88}
		{7AE6AAA2-522C-4203-BD05-12A51B0F0FA8} = {4A3661DA-3374-40E9-BA86-5EE99DC09B88}
	EndGlobalSection
	GlobalSection(ExtensibilityGlobals) = postSolution
		EnterpriseLibraryConfigurationToolBinariesPathV6 = packages\EnterpriseLibrary.TransientFaultHandling.6.0.1304.0\lib\portable-net45+win+wp8
	EndGlobalSection
EndGlobal
