
Microsoft Visual Studio Solution File, Format Version 12.00
# Visual Studio 14
VisualStudioVersion = 14.0.25420.1
MinimumVisualStudioVersion = 10.0.40219.1
Project("{FAE04EC0-301F-11D3-BF4B-00C04F79EFBC}") = "ShimadzuIoT", "ShimadzuIoT\ShimadzuIoT.csproj", "{FEC5D0B8-4C00-4C4B-B67F-C62957C69711}"
EndProject
Project("{FAE04EC0-301F-11D3-BF4B-00C04F79EFBC}") = "Common", "Common\Common.csproj", "{F046A103-6DBD-48AB-9648-3D7F390821E4}"
EndProject
Project("{FAE04EC0-301F-11D3-BF4B-00C04F79EFBC}") = "Common.UWP", "Common.UWP\Common.UWP.csproj", "{A9F4CA27-7DF5-450C-9130-C2D9589B13E7}"
EndProject
Project("{FAE04EC0-301F-11D3-BF4B-00C04F79EFBC}") = "Infrastructure", "DeviceAdministration\Infrastructure\Infrastructure.csproj", "{ADEECFC4-BEB0-4C8C-A840-9EFA46294BF9}"
EndProject
Project("{FAE04EC0-301F-11D3-BF4B-00C04F79EFBC}") = "Infrastructure.UWP", "DeviceAdministration\Infrastructure.UWP\Infrastructure.UWP.csproj", "{C3A7930F-7E81-4F93-9B1B-D2BCDC8CD40E}"
EndProject
Project("{FAE04EC0-301F-11D3-BF4B-00C04F79EFBC}") = "Microsoft.Azure.Devices.Uwp", "azure-iot-sdks\csharp\service\Microsoft.Azure.Devices.Uwp\Microsoft.Azure.Devices.Uwp.csproj", "{8C408658-3797-4F57-9F37-DE1C086A0685}"
EndProject
Project("{FAE04EC0-301F-11D3-BF4B-00C04F79EFBC}") = "ShimadzuIoTGateway", "ShimadzuIoTGateway\ShimadzuIoTGateway.csproj", "{D722BA80-9535-42F8-B971-F5A66D30A1B4}"
EndProject
Project("{FAE04EC0-301F-11D3-BF4B-00C04F79EFBC}") = "DeviceRegister", "DeviceRegister\DeviceRegister.csproj", "{18DB7EA5-A73A-414E-98AE-B3AD24A26998}"
EndProject
Global
	GlobalSection(SolutionConfigurationPlatforms) = preSolution
		Debug iseiyu|Any CPU = Debug iseiyu|Any CPU
		Debug iseiyu|ARM = Debug iseiyu|ARM
		Debug iseiyu|x64 = Debug iseiyu|x64
		Debug iseiyu|x86 = Debug iseiyu|x86
		Debug|Any CPU = Debug|Any CPU
		Debug|ARM = Debug|ARM
		Debug|x64 = Debug|x64
		Debug|x86 = Debug|x86
		Release_Delay_Sign|Any CPU = Release_Delay_Sign|Any CPU
		Release_Delay_Sign|ARM = Release_Delay_Sign|ARM
		Release_Delay_Sign|x64 = Release_Delay_Sign|x64
		Release_Delay_Sign|x86 = Release_Delay_Sign|x86
		Release|Any CPU = Release|Any CPU
		Release|ARM = Release|ARM
		Release|x64 = Release|x64
		Release|x86 = Release|x86
	EndGlobalSection
	GlobalSection(ProjectConfigurationPlatforms) = postSolution
		{FEC5D0B8-4C00-4C4B-B67F-C62957C69711}.Debug iseiyu|Any CPU.ActiveCfg = Debug|Any CPU
		{FEC5D0B8-4C00-4C4B-B67F-C62957C69711}.Debug iseiyu|Any CPU.Build.0 = Debug|Any CPU
		{FEC5D0B8-4C00-4C4B-B67F-C62957C69711}.Debug iseiyu|ARM.ActiveCfg = Debug|Any CPU
		{FEC5D0B8-4C00-4C4B-B67F-C62957C69711}.Debug iseiyu|ARM.Build.0 = Debug|Any CPU
		{FEC5D0B8-4C00-4C4B-B67F-C62957C69711}.Debug iseiyu|x64.ActiveCfg = Debug|Any CPU
		{FEC5D0B8-4C00-4C4B-B67F-C62957C69711}.Debug iseiyu|x64.Build.0 = Debug|Any CPU
		{FEC5D0B8-4C00-4C4B-B67F-C62957C69711}.Debug iseiyu|x86.ActiveCfg = Debug|Any CPU
		{FEC5D0B8-4C00-4C4B-B67F-C62957C69711}.Debug iseiyu|x86.Build.0 = Debug|Any CPU
		{FEC5D0B8-4C00-4C4B-B67F-C62957C69711}.Debug|Any CPU.ActiveCfg = Debug|Any CPU
		{FEC5D0B8-4C00-4C4B-B67F-C62957C69711}.Debug|Any CPU.Build.0 = Debug|Any CPU
		{FEC5D0B8-4C00-4C4B-B67F-C62957C69711}.Debug|ARM.ActiveCfg = Debug|Any CPU
		{FEC5D0B8-4C00-4C4B-B67F-C62957C69711}.Debug|ARM.Build.0 = Debug|Any CPU
		{FEC5D0B8-4C00-4C4B-B67F-C62957C69711}.Debug|x64.ActiveCfg = Debug|Any CPU
		{FEC5D0B8-4C00-4C4B-B67F-C62957C69711}.Debug|x64.Build.0 = Debug|Any CPU
		{FEC5D0B8-4C00-4C4B-B67F-C62957C69711}.Debug|x86.ActiveCfg = Debug|Any CPU
		{FEC5D0B8-4C00-4C4B-B67F-C62957C69711}.Debug|x86.Build.0 = Debug|Any CPU
		{FEC5D0B8-4C00-4C4B-B67F-C62957C69711}.Release_Delay_Sign|Any CPU.ActiveCfg = Release|Any CPU
		{FEC5D0B8-4C00-4C4B-B67F-C62957C69711}.Release_Delay_Sign|Any CPU.Build.0 = Release|Any CPU
		{FEC5D0B8-4C00-4C4B-B67F-C62957C69711}.Release_Delay_Sign|ARM.ActiveCfg = Release|Any CPU
		{FEC5D0B8-4C00-4C4B-B67F-C62957C69711}.Release_Delay_Sign|ARM.Build.0 = Release|Any CPU
		{FEC5D0B8-4C00-4C4B-B67F-C62957C69711}.Release_Delay_Sign|x64.ActiveCfg = Release|Any CPU
		{FEC5D0B8-4C00-4C4B-B67F-C62957C69711}.Release_Delay_Sign|x64.Build.0 = Release|Any CPU
		{FEC5D0B8-4C00-4C4B-B67F-C62957C69711}.Release_Delay_Sign|x86.ActiveCfg = Release|Any CPU
		{FEC5D0B8-4C00-4C4B-B67F-C62957C69711}.Release_Delay_Sign|x86.Build.0 = Release|Any CPU
		{FEC5D0B8-4C00-4C4B-B67F-C62957C69711}.Release|Any CPU.ActiveCfg = Release|Any CPU
		{FEC5D0B8-4C00-4C4B-B67F-C62957C69711}.Release|Any CPU.Build.0 = Release|Any CPU
		{FEC5D0B8-4C00-4C4B-B67F-C62957C69711}.Release|ARM.ActiveCfg = Release|Any CPU
		{FEC5D0B8-4C00-4C4B-B67F-C62957C69711}.Release|ARM.Build.0 = Release|Any CPU
		{FEC5D0B8-4C00-4C4B-B67F-C62957C69711}.Release|x64.ActiveCfg = Release|Any CPU
		{FEC5D0B8-4C00-4C4B-B67F-C62957C69711}.Release|x64.Build.0 = Release|Any CPU
		{FEC5D0B8-4C00-4C4B-B67F-C62957C69711}.Release|x86.ActiveCfg = Release|Any CPU
		{FEC5D0B8-4C00-4C4B-B67F-C62957C69711}.Release|x86.Build.0 = Release|Any CPU
		{F046A103-6DBD-48AB-9648-3D7F390821E4}.Debug iseiyu|Any CPU.ActiveCfg = Debug|Any CPU
		{F046A103-6DBD-48AB-9648-3D7F390821E4}.Debug iseiyu|Any CPU.Build.0 = Debug|Any CPU
		{F046A103-6DBD-48AB-9648-3D7F390821E4}.Debug iseiyu|ARM.ActiveCfg = Debug|Any CPU
		{F046A103-6DBD-48AB-9648-3D7F390821E4}.Debug iseiyu|ARM.Build.0 = Debug|Any CPU
		{F046A103-6DBD-48AB-9648-3D7F390821E4}.Debug iseiyu|x64.ActiveCfg = Debug|Any CPU
		{F046A103-6DBD-48AB-9648-3D7F390821E4}.Debug iseiyu|x64.Build.0 = Debug|Any CPU
		{F046A103-6DBD-48AB-9648-3D7F390821E4}.Debug iseiyu|x86.ActiveCfg = Debug|Any CPU
		{F046A103-6DBD-48AB-9648-3D7F390821E4}.Debug iseiyu|x86.Build.0 = Debug|Any CPU
		{F046A103-6DBD-48AB-9648-3D7F390821E4}.Debug|Any CPU.ActiveCfg = Debug|Any CPU
		{F046A103-6DBD-48AB-9648-3D7F390821E4}.Debug|Any CPU.Build.0 = Debug|Any CPU
		{F046A103-6DBD-48AB-9648-3D7F390821E4}.Debug|ARM.ActiveCfg = Debug|Any CPU
		{F046A103-6DBD-48AB-9648-3D7F390821E4}.Debug|ARM.Build.0 = Debug|Any CPU
		{F046A103-6DBD-48AB-9648-3D7F390821E4}.Debug|x64.ActiveCfg = Debug|Any CPU
		{F046A103-6DBD-48AB-9648-3D7F390821E4}.Debug|x64.Build.0 = Debug|Any CPU
		{F046A103-6DBD-48AB-9648-3D7F390821E4}.Debug|x86.ActiveCfg = Debug|Any CPU
		{F046A103-6DBD-48AB-9648-3D7F390821E4}.Debug|x86.Build.0 = Debug|Any CPU
		{F046A103-6DBD-48AB-9648-3D7F390821E4}.Release_Delay_Sign|Any CPU.ActiveCfg = Release|Any CPU
		{F046A103-6DBD-48AB-9648-3D7F390821E4}.Release_Delay_Sign|Any CPU.Build.0 = Release|Any CPU
		{F046A103-6DBD-48AB-9648-3D7F390821E4}.Release_Delay_Sign|ARM.ActiveCfg = Release|Any CPU
		{F046A103-6DBD-48AB-9648-3D7F390821E4}.Release_Delay_Sign|ARM.Build.0 = Release|Any CPU
		{F046A103-6DBD-48AB-9648-3D7F390821E4}.Release_Delay_Sign|x64.ActiveCfg = Release|Any CPU
		{F046A103-6DBD-48AB-9648-3D7F390821E4}.Release_Delay_Sign|x64.Build.0 = Release|Any CPU
		{F046A103-6DBD-48AB-9648-3D7F390821E4}.Release_Delay_Sign|x86.ActiveCfg = Release|Any CPU
		{F046A103-6DBD-48AB-9648-3D7F390821E4}.Release_Delay_Sign|x86.Build.0 = Release|Any CPU
		{F046A103-6DBD-48AB-9648-3D7F390821E4}.Release|Any CPU.ActiveCfg = Release|Any CPU
		{F046A103-6DBD-48AB-9648-3D7F390821E4}.Release|Any CPU.Build.0 = Release|Any CPU
		{F046A103-6DBD-48AB-9648-3D7F390821E4}.Release|ARM.ActiveCfg = Release|Any CPU
		{F046A103-6DBD-48AB-9648-3D7F390821E4}.Release|ARM.Build.0 = Release|Any CPU
		{F046A103-6DBD-48AB-9648-3D7F390821E4}.Release|x64.ActiveCfg = Release|Any CPU
		{F046A103-6DBD-48AB-9648-3D7F390821E4}.Release|x64.Build.0 = Release|Any CPU
		{F046A103-6DBD-48AB-9648-3D7F390821E4}.Release|x86.ActiveCfg = Release|Any CPU
		{F046A103-6DBD-48AB-9648-3D7F390821E4}.Release|x86.Build.0 = Release|Any CPU
		{A9F4CA27-7DF5-450C-9130-C2D9589B13E7}.Debug iseiyu|Any CPU.ActiveCfg = Debug|Any CPU
		{A9F4CA27-7DF5-450C-9130-C2D9589B13E7}.Debug iseiyu|Any CPU.Build.0 = Debug|Any CPU
		{A9F4CA27-7DF5-450C-9130-C2D9589B13E7}.Debug iseiyu|ARM.ActiveCfg = Debug|ARM
		{A9F4CA27-7DF5-450C-9130-C2D9589B13E7}.Debug iseiyu|ARM.Build.0 = Debug|ARM
		{A9F4CA27-7DF5-450C-9130-C2D9589B13E7}.Debug iseiyu|x64.ActiveCfg = Debug|x64
		{A9F4CA27-7DF5-450C-9130-C2D9589B13E7}.Debug iseiyu|x64.Build.0 = Debug|x64
		{A9F4CA27-7DF5-450C-9130-C2D9589B13E7}.Debug iseiyu|x86.ActiveCfg = Debug|x86
		{A9F4CA27-7DF5-450C-9130-C2D9589B13E7}.Debug iseiyu|x86.Build.0 = Debug|x86
		{A9F4CA27-7DF5-450C-9130-C2D9589B13E7}.Debug|Any CPU.ActiveCfg = Debug|Any CPU
		{A9F4CA27-7DF5-450C-9130-C2D9589B13E7}.Debug|Any CPU.Build.0 = Debug|Any CPU
		{A9F4CA27-7DF5-450C-9130-C2D9589B13E7}.Debug|ARM.ActiveCfg = Debug|ARM
		{A9F4CA27-7DF5-450C-9130-C2D9589B13E7}.Debug|ARM.Build.0 = Debug|ARM
		{A9F4CA27-7DF5-450C-9130-C2D9589B13E7}.Debug|x64.ActiveCfg = Debug|x64
		{A9F4CA27-7DF5-450C-9130-C2D9589B13E7}.Debug|x64.Build.0 = Debug|x64
		{A9F4CA27-7DF5-450C-9130-C2D9589B13E7}.Debug|x86.ActiveCfg = Debug|x86
		{A9F4CA27-7DF5-450C-9130-C2D9589B13E7}.Debug|x86.Build.0 = Debug|x86
		{A9F4CA27-7DF5-450C-9130-C2D9589B13E7}.Release_Delay_Sign|Any CPU.ActiveCfg = Release|Any CPU
		{A9F4CA27-7DF5-450C-9130-C2D9589B13E7}.Release_Delay_Sign|Any CPU.Build.0 = Release|Any CPU
		{A9F4CA27-7DF5-450C-9130-C2D9589B13E7}.Release_Delay_Sign|ARM.ActiveCfg = Release|ARM
		{A9F4CA27-7DF5-450C-9130-C2D9589B13E7}.Release_Delay_Sign|ARM.Build.0 = Release|ARM
		{A9F4CA27-7DF5-450C-9130-C2D9589B13E7}.Release_Delay_Sign|x64.ActiveCfg = Release|x64
		{A9F4CA27-7DF5-450C-9130-C2D9589B13E7}.Release_Delay_Sign|x64.Build.0 = Release|x64
		{A9F4CA27-7DF5-450C-9130-C2D9589B13E7}.Release_Delay_Sign|x86.ActiveCfg = Release|x86
		{A9F4CA27-7DF5-450C-9130-C2D9589B13E7}.Release_Delay_Sign|x86.Build.0 = Release|x86
		{A9F4CA27-7DF5-450C-9130-C2D9589B13E7}.Release|Any CPU.ActiveCfg = Release|Any CPU
		{A9F4CA27-7DF5-450C-9130-C2D9589B13E7}.Release|Any CPU.Build.0 = Release|Any CPU
		{A9F4CA27-7DF5-450C-9130-C2D9589B13E7}.Release|ARM.ActiveCfg = Release|ARM
		{A9F4CA27-7DF5-450C-9130-C2D9589B13E7}.Release|ARM.Build.0 = Release|ARM
		{A9F4CA27-7DF5-450C-9130-C2D9589B13E7}.Release|x64.ActiveCfg = Release|x64
		{A9F4CA27-7DF5-450C-9130-C2D9589B13E7}.Release|x64.Build.0 = Release|x64
		{A9F4CA27-7DF5-450C-9130-C2D9589B13E7}.Release|x86.ActiveCfg = Release|x86
		{A9F4CA27-7DF5-450C-9130-C2D9589B13E7}.Release|x86.Build.0 = Release|x86
		{ADEECFC4-BEB0-4C8C-A840-9EFA46294BF9}.Debug iseiyu|Any CPU.ActiveCfg = Debug|Any CPU
		{ADEECFC4-BEB0-4C8C-A840-9EFA46294BF9}.Debug iseiyu|Any CPU.Build.0 = Debug|Any CPU
		{ADEECFC4-BEB0-4C8C-A840-9EFA46294BF9}.Debug iseiyu|ARM.ActiveCfg = Debug|Any CPU
		{ADEECFC4-BEB0-4C8C-A840-9EFA46294BF9}.Debug iseiyu|ARM.Build.0 = Debug|Any CPU
		{ADEECFC4-BEB0-4C8C-A840-9EFA46294BF9}.Debug iseiyu|x64.ActiveCfg = Debug|Any CPU
		{ADEECFC4-BEB0-4C8C-A840-9EFA46294BF9}.Debug iseiyu|x64.Build.0 = Debug|Any CPU
		{ADEECFC4-BEB0-4C8C-A840-9EFA46294BF9}.Debug iseiyu|x86.ActiveCfg = Debug|Any CPU
		{ADEECFC4-BEB0-4C8C-A840-9EFA46294BF9}.Debug iseiyu|x86.Build.0 = Debug|Any CPU
		{ADEECFC4-BEB0-4C8C-A840-9EFA46294BF9}.Debug|Any CPU.ActiveCfg = Debug|Any CPU
		{ADEECFC4-BEB0-4C8C-A840-9EFA46294BF9}.Debug|Any CPU.Build.0 = Debug|Any CPU
		{ADEECFC4-BEB0-4C8C-A840-9EFA46294BF9}.Debug|ARM.ActiveCfg = Debug|Any CPU
		{ADEECFC4-BEB0-4C8C-A840-9EFA46294BF9}.Debug|ARM.Build.0 = Debug|Any CPU
		{ADEECFC4-BEB0-4C8C-A840-9EFA46294BF9}.Debug|x64.ActiveCfg = Debug|Any CPU
		{ADEECFC4-BEB0-4C8C-A840-9EFA46294BF9}.Debug|x64.Build.0 = Debug|Any CPU
		{ADEECFC4-BEB0-4C8C-A840-9EFA46294BF9}.Debug|x86.ActiveCfg = Debug|Any CPU
		{ADEECFC4-BEB0-4C8C-A840-9EFA46294BF9}.Debug|x86.Build.0 = Debug|Any CPU
		{ADEECFC4-BEB0-4C8C-A840-9EFA46294BF9}.Release_Delay_Sign|Any CPU.ActiveCfg = Release|Any CPU
		{ADEECFC4-BEB0-4C8C-A840-9EFA46294BF9}.Release_Delay_Sign|Any CPU.Build.0 = Release|Any CPU
		{ADEECFC4-BEB0-4C8C-A840-9EFA46294BF9}.Release_Delay_Sign|ARM.ActiveCfg = Release|Any CPU
		{ADEECFC4-BEB0-4C8C-A840-9EFA46294BF9}.Release_Delay_Sign|ARM.Build.0 = Release|Any CPU
		{ADEECFC4-BEB0-4C8C-A840-9EFA46294BF9}.Release_Delay_Sign|x64.ActiveCfg = Release|Any CPU
		{ADEECFC4-BEB0-4C8C-A840-9EFA46294BF9}.Release_Delay_Sign|x64.Build.0 = Release|Any CPU
		{ADEECFC4-BEB0-4C8C-A840-9EFA46294BF9}.Release_Delay_Sign|x86.ActiveCfg = Release|Any CPU
		{ADEECFC4-BEB0-4C8C-A840-9EFA46294BF9}.Release_Delay_Sign|x86.Build.0 = Release|Any CPU
		{ADEECFC4-BEB0-4C8C-A840-9EFA46294BF9}.Release|Any CPU.ActiveCfg = Release|Any CPU
		{ADEECFC4-BEB0-4C8C-A840-9EFA46294BF9}.Release|Any CPU.Build.0 = Release|Any CPU
		{ADEECFC4-BEB0-4C8C-A840-9EFA46294BF9}.Release|ARM.ActiveCfg = Release|Any CPU
		{ADEECFC4-BEB0-4C8C-A840-9EFA46294BF9}.Release|ARM.Build.0 = Release|Any CPU
		{ADEECFC4-BEB0-4C8C-A840-9EFA46294BF9}.Release|x64.ActiveCfg = Release|Any CPU
		{ADEECFC4-BEB0-4C8C-A840-9EFA46294BF9}.Release|x64.Build.0 = Release|Any CPU
		{ADEECFC4-BEB0-4C8C-A840-9EFA46294BF9}.Release|x86.ActiveCfg = Release|Any CPU
		{ADEECFC4-BEB0-4C8C-A840-9EFA46294BF9}.Release|x86.Build.0 = Release|Any CPU
		{C3A7930F-7E81-4F93-9B1B-D2BCDC8CD40E}.Debug iseiyu|Any CPU.ActiveCfg = Debug|Any CPU
		{C3A7930F-7E81-4F93-9B1B-D2BCDC8CD40E}.Debug iseiyu|Any CPU.Build.0 = Debug|Any CPU
		{C3A7930F-7E81-4F93-9B1B-D2BCDC8CD40E}.Debug iseiyu|ARM.ActiveCfg = Debug|ARM
		{C3A7930F-7E81-4F93-9B1B-D2BCDC8CD40E}.Debug iseiyu|ARM.Build.0 = Debug|ARM
		{C3A7930F-7E81-4F93-9B1B-D2BCDC8CD40E}.Debug iseiyu|x64.ActiveCfg = Debug|x64
		{C3A7930F-7E81-4F93-9B1B-D2BCDC8CD40E}.Debug iseiyu|x64.Build.0 = Debug|x64
		{C3A7930F-7E81-4F93-9B1B-D2BCDC8CD40E}.Debug iseiyu|x86.ActiveCfg = Debug|x86
		{C3A7930F-7E81-4F93-9B1B-D2BCDC8CD40E}.Debug iseiyu|x86.Build.0 = Debug|x86
		{C3A7930F-7E81-4F93-9B1B-D2BCDC8CD40E}.Debug|Any CPU.ActiveCfg = Debug|Any CPU
		{C3A7930F-7E81-4F93-9B1B-D2BCDC8CD40E}.Debug|Any CPU.Build.0 = Debug|Any CPU
		{C3A7930F-7E81-4F93-9B1B-D2BCDC8CD40E}.Debug|ARM.ActiveCfg = Debug|ARM
		{C3A7930F-7E81-4F93-9B1B-D2BCDC8CD40E}.Debug|ARM.Build.0 = Debug|ARM
		{C3A7930F-7E81-4F93-9B1B-D2BCDC8CD40E}.Debug|x64.ActiveCfg = Debug|x64
		{C3A7930F-7E81-4F93-9B1B-D2BCDC8CD40E}.Debug|x64.Build.0 = Debug|x64
		{C3A7930F-7E81-4F93-9B1B-D2BCDC8CD40E}.Debug|x86.ActiveCfg = Debug|x86
		{C3A7930F-7E81-4F93-9B1B-D2BCDC8CD40E}.Debug|x86.Build.0 = Debug|x86
		{C3A7930F-7E81-4F93-9B1B-D2BCDC8CD40E}.Release_Delay_Sign|Any CPU.ActiveCfg = Release|Any CPU
		{C3A7930F-7E81-4F93-9B1B-D2BCDC8CD40E}.Release_Delay_Sign|Any CPU.Build.0 = Release|Any CPU
		{C3A7930F-7E81-4F93-9B1B-D2BCDC8CD40E}.Release_Delay_Sign|ARM.ActiveCfg = Release|ARM
		{C3A7930F-7E81-4F93-9B1B-D2BCDC8CD40E}.Release_Delay_Sign|ARM.Build.0 = Release|ARM
		{C3A7930F-7E81-4F93-9B1B-D2BCDC8CD40E}.Release_Delay_Sign|x64.ActiveCfg = Release|x64
		{C3A7930F-7E81-4F93-9B1B-D2BCDC8CD40E}.Release_Delay_Sign|x64.Build.0 = Release|x64
		{C3A7930F-7E81-4F93-9B1B-D2BCDC8CD40E}.Release_Delay_Sign|x86.ActiveCfg = Release|x86
		{C3A7930F-7E81-4F93-9B1B-D2BCDC8CD40E}.Release_Delay_Sign|x86.Build.0 = Release|x86
		{C3A7930F-7E81-4F93-9B1B-D2BCDC8CD40E}.Release|Any CPU.ActiveCfg = Release|Any CPU
		{C3A7930F-7E81-4F93-9B1B-D2BCDC8CD40E}.Release|Any CPU.Build.0 = Release|Any CPU
		{C3A7930F-7E81-4F93-9B1B-D2BCDC8CD40E}.Release|ARM.ActiveCfg = Release|ARM
		{C3A7930F-7E81-4F93-9B1B-D2BCDC8CD40E}.Release|ARM.Build.0 = Release|ARM
		{C3A7930F-7E81-4F93-9B1B-D2BCDC8CD40E}.Release|x64.ActiveCfg = Release|x64
		{C3A7930F-7E81-4F93-9B1B-D2BCDC8CD40E}.Release|x64.Build.0 = Release|x64
		{C3A7930F-7E81-4F93-9B1B-D2BCDC8CD40E}.Release|x86.ActiveCfg = Release|x86
		{C3A7930F-7E81-4F93-9B1B-D2BCDC8CD40E}.Release|x86.Build.0 = Release|x86
		{8C408658-3797-4F57-9F37-DE1C086A0685}.Debug iseiyu|Any CPU.ActiveCfg = Debug|Any CPU
		{8C408658-3797-4F57-9F37-DE1C086A0685}.Debug iseiyu|Any CPU.Build.0 = Debug|Any CPU
		{8C408658-3797-4F57-9F37-DE1C086A0685}.Debug iseiyu|ARM.ActiveCfg = Debug|Any CPU
		{8C408658-3797-4F57-9F37-DE1C086A0685}.Debug iseiyu|ARM.Build.0 = Debug|Any CPU
		{8C408658-3797-4F57-9F37-DE1C086A0685}.Debug iseiyu|x64.ActiveCfg = Debug|Any CPU
		{8C408658-3797-4F57-9F37-DE1C086A0685}.Debug iseiyu|x64.Build.0 = Debug|Any CPU
		{8C408658-3797-4F57-9F37-DE1C086A0685}.Debug iseiyu|x86.ActiveCfg = Debug|Any CPU
		{8C408658-3797-4F57-9F37-DE1C086A0685}.Debug iseiyu|x86.Build.0 = Debug|Any CPU
		{8C408658-3797-4F57-9F37-DE1C086A0685}.Debug|Any CPU.ActiveCfg = Debug|Any CPU
		{8C408658-3797-4F57-9F37-DE1C086A0685}.Debug|Any CPU.Build.0 = Debug|Any CPU
		{8C408658-3797-4F57-9F37-DE1C086A0685}.Debug|ARM.ActiveCfg = Debug|Any CPU
		{8C408658-3797-4F57-9F37-DE1C086A0685}.Debug|ARM.Build.0 = Debug|Any CPU
		{8C408658-3797-4F57-9F37-DE1C086A0685}.Debug|x64.ActiveCfg = Debug|Any CPU
		{8C408658-3797-4F57-9F37-DE1C086A0685}.Debug|x64.Build.0 = Debug|Any CPU
		{8C408658-3797-4F57-9F37-DE1C086A0685}.Debug|x86.ActiveCfg = Debug|Any CPU
		{8C408658-3797-4F57-9F37-DE1C086A0685}.Debug|x86.Build.0 = Debug|Any CPU
		{8C408658-3797-4F57-9F37-DE1C086A0685}.Release_Delay_Sign|Any CPU.ActiveCfg = Release_Delay_Sign|Any CPU
		{8C408658-3797-4F57-9F37-DE1C086A0685}.Release_Delay_Sign|Any CPU.Build.0 = Release_Delay_Sign|Any CPU
		{8C408658-3797-4F57-9F37-DE1C086A0685}.Release_Delay_Sign|ARM.ActiveCfg = Release_Delay_Sign|Any CPU
		{8C408658-3797-4F57-9F37-DE1C086A0685}.Release_Delay_Sign|ARM.Build.0 = Release_Delay_Sign|Any CPU
		{8C408658-3797-4F57-9F37-DE1C086A0685}.Release_Delay_Sign|x64.ActiveCfg = Release_Delay_Sign|Any CPU
		{8C408658-3797-4F57-9F37-DE1C086A0685}.Release_Delay_Sign|x64.Build.0 = Release_Delay_Sign|Any CPU
		{8C408658-3797-4F57-9F37-DE1C086A0685}.Release_Delay_Sign|x86.ActiveCfg = Release_Delay_Sign|Any CPU
		{8C408658-3797-4F57-9F37-DE1C086A0685}.Release_Delay_Sign|x86.Build.0 = Release_Delay_Sign|Any CPU
		{8C408658-3797-4F57-9F37-DE1C086A0685}.Release|Any CPU.ActiveCfg = Release|Any CPU
		{8C408658-3797-4F57-9F37-DE1C086A0685}.Release|Any CPU.Build.0 = Release|Any CPU
		{8C408658-3797-4F57-9F37-DE1C086A0685}.Release|ARM.ActiveCfg = Release|Any CPU
		{8C408658-3797-4F57-9F37-DE1C086A0685}.Release|ARM.Build.0 = Release|Any CPU
		{8C408658-3797-4F57-9F37-DE1C086A0685}.Release|x64.ActiveCfg = Release|Any CPU
		{8C408658-3797-4F57-9F37-DE1C086A0685}.Release|x64.Build.0 = Release|Any CPU
		{8C408658-3797-4F57-9F37-DE1C086A0685}.Release|x86.ActiveCfg = Release|Any CPU
		{8C408658-3797-4F57-9F37-DE1C086A0685}.Release|x86.Build.0 = Release|Any CPU
		{D722BA80-9535-42F8-B971-F5A66D30A1B4}.Debug iseiyu|Any CPU.ActiveCfg = Release|x64
		{D722BA80-9535-42F8-B971-F5A66D30A1B4}.Debug iseiyu|Any CPU.Build.0 = Release|x64
		{D722BA80-9535-42F8-B971-F5A66D30A1B4}.Debug iseiyu|Any CPU.Deploy.0 = Release|x64
		{D722BA80-9535-42F8-B971-F5A66D30A1B4}.Debug iseiyu|ARM.ActiveCfg = Debug|ARM
		{D722BA80-9535-42F8-B971-F5A66D30A1B4}.Debug iseiyu|ARM.Build.0 = Debug|ARM
		{D722BA80-9535-42F8-B971-F5A66D30A1B4}.Debug iseiyu|ARM.Deploy.0 = Debug|ARM
		{D722BA80-9535-42F8-B971-F5A66D30A1B4}.Debug iseiyu|x64.ActiveCfg = Debug|x64
		{D722BA80-9535-42F8-B971-F5A66D30A1B4}.Debug iseiyu|x64.Build.0 = Debug|x64
		{D722BA80-9535-42F8-B971-F5A66D30A1B4}.Debug iseiyu|x64.Deploy.0 = Debug|x64
		{D722BA80-9535-42F8-B971-F5A66D30A1B4}.Debug iseiyu|x86.ActiveCfg = Debug|x86
		{D722BA80-9535-42F8-B971-F5A66D30A1B4}.Debug iseiyu|x86.Build.0 = Debug|x86
		{D722BA80-9535-42F8-B971-F5A66D30A1B4}.Debug iseiyu|x86.Deploy.0 = Debug|x86
		{D722BA80-9535-42F8-B971-F5A66D30A1B4}.Debug|Any CPU.ActiveCfg = Debug|x86
		{D722BA80-9535-42F8-B971-F5A66D30A1B4}.Debug|ARM.ActiveCfg = Debug|ARM
		{D722BA80-9535-42F8-B971-F5A66D30A1B4}.Debug|ARM.Build.0 = Debug|ARM
		{D722BA80-9535-42F8-B971-F5A66D30A1B4}.Debug|ARM.Deploy.0 = Debug|ARM
		{D722BA80-9535-42F8-B971-F5A66D30A1B4}.Debug|x64.ActiveCfg = Debug|x64
		{D722BA80-9535-42F8-B971-F5A66D30A1B4}.Debug|x64.Build.0 = Debug|x64
		{D722BA80-9535-42F8-B971-F5A66D30A1B4}.Debug|x64.Deploy.0 = Debug|x64
		{D722BA80-9535-42F8-B971-F5A66D30A1B4}.Debug|x86.ActiveCfg = Debug|x86
		{D722BA80-9535-42F8-B971-F5A66D30A1B4}.Debug|x86.Build.0 = Debug|x86
		{D722BA80-9535-42F8-B971-F5A66D30A1B4}.Debug|x86.Deploy.0 = Debug|x86
		{D722BA80-9535-42F8-B971-F5A66D30A1B4}.Release_Delay_Sign|Any CPU.ActiveCfg = Release|x64
		{D722BA80-9535-42F8-B971-F5A66D30A1B4}.Release_Delay_Sign|Any CPU.Build.0 = Release|x64
		{D722BA80-9535-42F8-B971-F5A66D30A1B4}.Release_Delay_Sign|Any CPU.Deploy.0 = Release|x64
		{D722BA80-9535-42F8-B971-F5A66D30A1B4}.Release_Delay_Sign|ARM.ActiveCfg = Release|ARM
		{D722BA80-9535-42F8-B971-F5A66D30A1B4}.Release_Delay_Sign|ARM.Build.0 = Release|ARM
		{D722BA80-9535-42F8-B971-F5A66D30A1B4}.Release_Delay_Sign|ARM.Deploy.0 = Release|ARM
		{D722BA80-9535-42F8-B971-F5A66D30A1B4}.Release_Delay_Sign|x64.ActiveCfg = Release|x64
		{D722BA80-9535-42F8-B971-F5A66D30A1B4}.Release_Delay_Sign|x64.Build.0 = Release|x64
		{D722BA80-9535-42F8-B971-F5A66D30A1B4}.Release_Delay_Sign|x64.Deploy.0 = Release|x64
		{D722BA80-9535-42F8-B971-F5A66D30A1B4}.Release_Delay_Sign|x86.ActiveCfg = Release|x86
		{D722BA80-9535-42F8-B971-F5A66D30A1B4}.Release_Delay_Sign|x86.Build.0 = Release|x86
		{D722BA80-9535-42F8-B971-F5A66D30A1B4}.Release_Delay_Sign|x86.Deploy.0 = Release|x86
		{D722BA80-9535-42F8-B971-F5A66D30A1B4}.Release|Any CPU.ActiveCfg = Release|x86
		{D722BA80-9535-42F8-B971-F5A66D30A1B4}.Release|ARM.ActiveCfg = Release|ARM
		{D722BA80-9535-42F8-B971-F5A66D30A1B4}.Release|ARM.Build.0 = Release|ARM
		{D722BA80-9535-42F8-B971-F5A66D30A1B4}.Release|ARM.Deploy.0 = Release|ARM
		{D722BA80-9535-42F8-B971-F5A66D30A1B4}.Release|x64.ActiveCfg = Release|x64
		{D722BA80-9535-42F8-B971-F5A66D30A1B4}.Release|x64.Build.0 = Release|x64
		{D722BA80-9535-42F8-B971-F5A66D30A1B4}.Release|x64.Deploy.0 = Release|x64
		{D722BA80-9535-42F8-B971-F5A66D30A1B4}.Release|x86.ActiveCfg = Release|x86
		{D722BA80-9535-42F8-B971-F5A66D30A1B4}.Release|x86.Build.0 = Release|x86
		{D722BA80-9535-42F8-B971-F5A66D30A1B4}.Release|x86.Deploy.0 = Release|x86
		{18DB7EA5-A73A-414E-98AE-B3AD24A26998}.Debug iseiyu|Any CPU.ActiveCfg = Debug|Any CPU
		{18DB7EA5-A73A-414E-98AE-B3AD24A26998}.Debug iseiyu|Any CPU.Build.0 = Debug|Any CPU
		{18DB7EA5-A73A-414E-98AE-B3AD24A26998}.Debug iseiyu|ARM.ActiveCfg = Debug|Any CPU
		{18DB7EA5-A73A-414E-98AE-B3AD24A26998}.Debug iseiyu|ARM.Build.0 = Debug|Any CPU
		{18DB7EA5-A73A-414E-98AE-B3AD24A26998}.Debug iseiyu|x64.ActiveCfg = Debug|Any CPU
		{18DB7EA5-A73A-414E-98AE-B3AD24A26998}.Debug iseiyu|x64.Build.0 = Debug|Any CPU
		{18DB7EA5-A73A-414E-98AE-B3AD24A26998}.Debug iseiyu|x86.ActiveCfg = Debug|Any CPU
		{18DB7EA5-A73A-414E-98AE-B3AD24A26998}.Debug iseiyu|x86.Build.0 = Debug|Any CPU
		{18DB7EA5-A73A-414E-98AE-B3AD24A26998}.Debug|Any CPU.ActiveCfg = Debug|Any CPU
		{18DB7EA5-A73A-414E-98AE-B3AD24A26998}.Debug|Any CPU.Build.0 = Debug|Any CPU
		{18DB7EA5-A73A-414E-98AE-B3AD24A26998}.Debug|ARM.ActiveCfg = Debug|Any CPU
		{18DB7EA5-A73A-414E-98AE-B3AD24A26998}.Debug|ARM.Build.0 = Debug|Any CPU
		{18DB7EA5-A73A-414E-98AE-B3AD24A26998}.Debug|x64.ActiveCfg = Debug|Any CPU
		{18DB7EA5-A73A-414E-98AE-B3AD24A26998}.Debug|x64.Build.0 = Debug|Any CPU
		{18DB7EA5-A73A-414E-98AE-B3AD24A26998}.Debug|x86.ActiveCfg = Debug|Any CPU
		{18DB7EA5-A73A-414E-98AE-B3AD24A26998}.Debug|x86.Build.0 = Debug|Any CPU
		{18DB7EA5-A73A-414E-98AE-B3AD24A26998}.Release_Delay_Sign|Any CPU.ActiveCfg = Release|Any CPU
		{18DB7EA5-A73A-414E-98AE-B3AD24A26998}.Release_Delay_Sign|Any CPU.Build.0 = Release|Any CPU
		{18DB7EA5-A73A-414E-98AE-B3AD24A26998}.Release_Delay_Sign|ARM.ActiveCfg = Release|Any CPU
		{18DB7EA5-A73A-414E-98AE-B3AD24A26998}.Release_Delay_Sign|ARM.Build.0 = Release|Any CPU
		{18DB7EA5-A73A-414E-98AE-B3AD24A26998}.Release_Delay_Sign|x64.ActiveCfg = Release|Any CPU
		{18DB7EA5-A73A-414E-98AE-B3AD24A26998}.Release_Delay_Sign|x64.Build.0 = Release|Any CPU
		{18DB7EA5-A73A-414E-98AE-B3AD24A26998}.Release_Delay_Sign|x86.ActiveCfg = Release|Any CPU
		{18DB7EA5-A73A-414E-98AE-B3AD24A26998}.Release_Delay_Sign|x86.Build.0 = Release|Any CPU
		{18DB7EA5-A73A-414E-98AE-B3AD24A26998}.Release|Any CPU.ActiveCfg = Release|Any CPU
		{18DB7EA5-A73A-414E-98AE-B3AD24A26998}.Release|Any CPU.Build.0 = Release|Any CPU
		{18DB7EA5-A73A-414E-98AE-B3AD24A26998}.Release|ARM.ActiveCfg = Release|Any CPU
		{18DB7EA5-A73A-414E-98AE-B3AD24A26998}.Release|ARM.Build.0 = Release|Any CPU
		{18DB7EA5-A73A-414E-98AE-B3AD24A26998}.Release|x64.ActiveCfg = Release|Any CPU
		{18DB7EA5-A73A-414E-98AE-B3AD24A26998}.Release|x64.Build.0 = Release|Any CPU
		{18DB7EA5-A73A-414E-98AE-B3AD24A26998}.Release|x86.ActiveCfg = Release|Any CPU
		{18DB7EA5-A73A-414E-98AE-B3AD24A26998}.Release|x86.Build.0 = Release|Any CPU
	EndGlobalSection
	GlobalSection(SolutionProperties) = preSolution
		HideSolutionNode = FALSE
	EndGlobalSection
	GlobalSection(ExtensibilityGlobals) = postSolution
		EnterpriseLibraryConfigurationToolBinariesPathV6 = packages\EnterpriseLibrary.TransientFaultHandling.6.0.1304.0\lib\portable-net45+win+wp8
	EndGlobalSection
EndGlobal
